// !$*UTF8*$!
{
	archiveVersion = 1;
	classes = {
	};
	objectVersion = 46;
	objects = {

/* Begin PBXBuildFile section */
		187A89F21C8FC0A300D8DA51 /* AppDelegate.swift in Sources */ = {isa = PBXBuildFile; fileRef = 187A89F11C8FC0A300D8DA51 /* AppDelegate.swift */; };
		187A89F41C8FC0A300D8DA51 /* ViewController.swift in Sources */ = {isa = PBXBuildFile; fileRef = 187A89F31C8FC0A300D8DA51 /* ViewController.swift */; };
		187A89F71C8FC0A300D8DA51 /* Main.storyboard in Resources */ = {isa = PBXBuildFile; fileRef = 187A89F51C8FC0A300D8DA51 /* Main.storyboard */; };
		187A89F91C8FC0A300D8DA51 /* Assets.xcassets in Resources */ = {isa = PBXBuildFile; fileRef = 187A89F81C8FC0A300D8DA51 /* Assets.xcassets */; };
		187A89FC1C8FC0A300D8DA51 /* LaunchScreen.storyboard in Resources */ = {isa = PBXBuildFile; fileRef = 187A89FA1C8FC0A300D8DA51 /* LaunchScreen.storyboard */; };
		187A8A1D1C8FC2E200D8DA51 /* HYLabel.framework in Frameworks */ = {isa = PBXBuildFile; fileRef = 187A8A1C1C8FC2E200D8DA51 /* HYLabel.framework */; };
/* End PBXBuildFile section */

/* Begin PBXFileReference section */
		187A89EE1C8FC0A300D8DA51 /* HYLabelDemo-Swift.app */ = {isa = PBXFileReference; explicitFileType = wrapper.application; includeInIndex = 0; path = "HYLabelDemo-Swift.app"; sourceTree = BUILT_PRODUCTS_DIR; };
		187A89F11C8FC0A300D8DA51 /* AppDelegate.swift */ = {isa = PBXFileReference; lastKnownFileType = sourcecode.swift; path = AppDelegate.swift; sourceTree = "<group>"; };
		187A89F31C8FC0A300D8DA51 /* ViewController.swift */ = {isa = PBXFileReference; lastKnownFileType = sourcecode.swift; path = ViewController.swift; sourceTree = "<group>"; };
		187A89F61C8FC0A300D8DA51 /* Base */ = {isa = PBXFileReference; lastKnownFileType = file.storyboard; name = Base; path = Base.lproj/Main.storyboard; sourceTree = "<group>"; };
		187A89F81C8FC0A300D8DA51 /* Assets.xcassets */ = {isa = PBXFileReference; lastKnownFileType = folder.assetcatalog; path = Assets.xcassets; sourceTree = "<group>"; };
		187A89FB1C8FC0A300D8DA51 /* Base */ = {isa = PBXFileReference; lastKnownFileType = file.storyboard; name = Base; path = Base.lproj/LaunchScreen.storyboard; sourceTree = "<group>"; };
		187A89FD1C8FC0A300D8DA51 /* Info.plist */ = {isa = PBXFileReference; lastKnownFileType = text.plist.xml; path = Info.plist; sourceTree = "<group>"; };
		187A8A1C1C8FC2E200D8DA51 /* HYLabel.framework */ = {isa = PBXFileReference; lastKnownFileType = wrapper.framework; name = HYLabel.framework; path = "../HYLabel/build/Debug-iphoneos/HYLabel.framework"; sourceTree = "<group>"; };
/* End PBXFileReference section */

/* Begin PBXFrameworksBuildPhase section */
		187A89EB1C8FC0A300D8DA51 /* Frameworks */ = {
			isa = PBXFrameworksBuildPhase;
			buildActionMask = 2147483647;
			files = (
				187A8A1D1C8FC2E200D8DA51 /* HYLabel.framework in Frameworks */,
			);
			runOnlyForDeploymentPostprocessing = 0;
		};
/* End PBXFrameworksBuildPhase section */

/* Begin PBXGroup section */
		187A89E51C8FC0A300D8DA51 = {
			isa = PBXGroup;
			children = (
				187A8A1C1C8FC2E200D8DA51 /* HYLabel.framework */,
				187A89F01C8FC0A300D8DA51 /* HYLabelDemo-Swift */,
				187A89EF1C8FC0A300D8DA51 /* Products */,
			);
			sourceTree = "<group>";
		};
		187A89EF1C8FC0A300D8DA51 /* Products */ = {
			isa = PBXGroup;
			children = (
				187A89EE1C8FC0A300D8DA51 /* HYLabelDemo-Swift.app */,
			);
			name = Products;
			sourceTree = "<group>";
		};
		187A89F01C8FC0A300D8DA51 /* HYLabelDemo-Swift */ = {
			isa = PBXGroup;
			children = (
				187A89F11C8FC0A300D8DA51 /* AppDelegate.swift */,
				187A89F31C8FC0A300D8DA51 /* ViewController.swift */,
				187A89F51C8FC0A300D8DA51 /* Main.storyboard */,
				187A89F81C8FC0A300D8DA51 /* Assets.xcassets */,
				187A89FA1C8FC0A300D8DA51 /* LaunchScreen.storyboard */,
				187A89FD1C8FC0A300D8DA51 /* Info.plist */,
			);
			path = "HYLabelDemo-Swift";
			sourceTree = "<group>";
		};
/* End PBXGroup section */

/* Begin PBXNativeTarget section */
		187A89ED1C8FC0A300D8DA51 /* HYLabelDemo-Swift */ = {
			isa = PBXNativeTarget;
			buildConfigurationList = 187A8A001C8FC0A300D8DA51 /* Build configuration list for PBXNativeTarget "HYLabelDemo-Swift" */;
			buildPhases = (
				187A89EA1C8FC0A300D8DA51 /* Sources */,
				187A89EB1C8FC0A300D8DA51 /* Frameworks */,
				187A89EC1C8FC0A300D8DA51 /* Resources */,
			);
			buildRules = (
			);
			dependencies = (
			);
			name = "HYLabelDemo-Swift";
			productName = "HYLabelDemo-Swift";
			productReference = 187A89EE1C8FC0A300D8DA51 /* HYLabelDemo-Swift.app */;
			productType = "com.apple.product-type.application";
		};
/* End PBXNativeTarget section */

/* Begin PBXProject section */
		187A89E61C8FC0A300D8DA51 /* Project object */ = {
			isa = PBXProject;
			attributes = {
				LastSwiftUpdateCheck = 0720;
				LastUpgradeCheck = 0720;
				ORGANIZATIONNAME = xiaomage;
				TargetAttributes = {
					187A89ED1C8FC0A300D8DA51 = {
						CreatedOnToolsVersion = 7.2;
					};
				};
			};
			buildConfigurationList = 187A89E91C8FC0A300D8DA51 /* Build configuration list for PBXProject "HYLabelDemo-Swift" */;
			compatibilityVersion = "Xcode 3.2";
			developmentRegion = English;
			hasScannedForEncodings = 0;
			knownRegions = (
				en,
				Base,
			);
			mainGroup = 187A89E51C8FC0A300D8DA51;
			productRefGroup = 187A89EF1C8FC0A300D8DA51 /* Products */;
			projectDirPath = "";
			projectRoot = "";
			targets = (
				187A89ED1C8FC0A300D8DA51 /* HYLabelDemo-Swift */,
			);
		};
/* End PBXProject section */

/* Begin PBXResourcesBuildPhase section */
		187A89EC1C8FC0A300D8DA51 /* Resources */ = {
			isa = PBXResourcesBuildPhase;
			buildActionMask = 2147483647;
			files = (
				187A89FC1C8FC0A300D8DA51 /* LaunchScreen.storyboard in Resources */,
				187A89F91C8FC0A300D8DA51 /* Assets.xcassets in Resources */,
				187A89F71C8FC0A300D8DA51 /* Main.storyboard in Resources */,
			);
			runOnlyForDeploymentPostprocessing = 0;
		};
/* End PBXResourcesBuildPhase section */

/* Begin PBXSourcesBuildPhase section */
		187A89EA1C8FC0A300D8DA51 /* Sources */ = {
			isa = PBXSourcesBuildPhase;
			buildActionMask = 2147483647;
			files = (
				187A89F41C8FC0A300D8DA51 /* ViewController.swift in Sources */,
				187A89F21C8FC0A300D8DA51 /* AppDelegate.swift in Sources */,
			);
			runOnlyForDeploymentPostprocessing = 0;
		};
/* End PBXSourcesBuildPhase section */

/* Begin PBXVariantGroup section */
		187A89F51C8FC0A300D8DA51 /* Main.storyboard */ = {
			isa = PBXVariantGroup;
			children = (
				187A89F61C8FC0A300D8DA51 /* Base */,
			);
			name = Main.storyboard;
			sourceTree = "<group>";
		};
		187A89FA1C8FC0A300D8DA51 /* LaunchScreen.storyboard */ = {
			isa = PBXVariantGroup;
			children = (
				187A89FB1C8FC0A300D8DA51 /* Base */,
			);
			name = LaunchScreen.storyboard;
			sourceTree = "<group>";
		};
/* End PBXVariantGroup section */

/* Begin XCBuildConfiguration section */
		187A89FE1C8FC0A300D8DA51 /* Debug */ = {
			isa = XCBuildConfiguration;
			buildSettings = {
				ALWAYS_SEARCH_USER_PATHS = NO;
				CLANG_CXX_LANGUAGE_STANDARD = "gnu++0x";
				CLANG_CXX_LIBRARY = "libc++";
				CLANG_ENABLE_MODULES = YES;
				CLANG_ENABLE_OBJC_ARC = YES;
				CLANG_WARN_BOOL_CONVERSION = YES;
				CLANG_WARN_CONSTANT_CONVERSION = YES;
				CLANG_WARN_DIRECT_OBJC_ISA_USAGE = YES_ERROR;
				CLANG_WARN_EMPTY_BODY = YES;
				CLANG_WARN_ENUM_CONVERSION = YES;
				CLANG_WARN_INT_CONVERSION = YES;
				CLANG_WARN_OBJC_ROOT_CLASS = YES_ERROR;
				CLANG_WARN_UNREACHABLE_CODE = YES;
				CLANG_WARN__DUPLICATE_METHOD_MATCH = YES;
				"CODE_SIGN_IDENTITY[sdk=iphoneos*]" = "iPhone Developer";
				COPY_PHASE_STRIP = NO;
				DEBUG_INFORMATION_FORMAT = dwarf;
				ENABLE_STRICT_OBJC_MSGSEND = YES;
				ENABLE_TESTABILITY = YES;
				GCC_C_LANGUAGE_STANDARD = gnu99;
				GCC_DYNAMIC_NO_PIC = NO;
				GCC_NO_COMMON_BLOCKS = YES;
				GCC_OPTIMIZATION_LEVEL = 0;
				GCC_PREPROCESSOR_DEFINITIONS = (
					"DEBUG=1",
					"$(inherited)",
				);
				GCC_WARN_64_TO_32_BIT_CONVERSION = YES;
				GCC_WARN_ABOUT_RETURN_TYPE = YES_ERROR;
				GCC_WARN_UNDECLARED_SELECTOR = YES;
				GCC_WARN_UNINITIALIZED_AUTOS = YES_AGGRESSIVE;
				GCC_WARN_UNUSED_FUNCTION = YES;
				GCC_WARN_UNUSED_VARIABLE = YES;
				IPHONEOS_DEPLOYMENT_TARGET = 9.2;
				MTL_ENABLE_DEBUG_INFO = YES;
				ONLY_ACTIVE_ARCH = YES;
				SDKROOT = iphoneos;
				SWIFT_OPTIMIZATION_LEVEL = "-Onone";
			};
			name = Debug;
		};
		187A89FF1C8FC0A300D8DA51 /* Release */ = {
			isa = XCBuildConfiguration;
			buildSettings = {
				ALWAYS_SEARCH_USER_PATHS = NO;
				CLANG_CXX_LANGUAGE_STANDARD = "gnu++0x";
				CLANG_CXX_LIBRARY = "libc++";
				CLANG_ENABLE_MODULES = YES;
				CLANG_ENABLE_OBJC_ARC = YES;
				CLANG_WARN_BOOL_CONVERSION = YES;
				CLANG_WARN_CONSTANT_CONVERSION = YES;
				CLANG_WARN_DIRECT_OBJC_ISA_USAGE = YES_ERROR;
				CLANG_WARN_EMPTY_BODY = YES;
				CLANG_WARN_ENUM_CONVERSION = YES;
				CLANG_WARN_INT_CONVERSION = YES;
				CLANG_WARN_OBJC_ROOT_CLASS = YES_ERROR;
				CLANG_WARN_UNREACHABLE_CODE = YES;
				CLANG_WARN__DUPLICATE_METHOD_MATCH = YES;
				"CODE_SIGN_IDENTITY[sdk=iphoneos*]" = "iPhone Developer";
				COPY_PHASE_STRIP = NO;
				DEBUG_INFORMATION_FORMAT = "dwarf-with-dsym";
				ENABLE_NS_ASSERTIONS = NO;
				ENABLE_STRICT_OBJC_MSGSEND = YES;
				GCC_C_LANGUAGE_STANDARD = gnu99;
				GCC_NO_COMMON_BLOCKS = YES;
				GCC_WARN_64_TO_32_BIT_CONVERSION = YES;
				GCC_WARN_ABOUT_RETURN_TYPE = YES_ERROR;
				GCC_WARN_UNDECLARED_SELECTOR = YES;
				GCC_WARN_UNINITIALIZED_AUTOS = YES_AGGRESSIVE;
				GCC_WARN_UNUSED_FUNCTION = YES;
				GCC_WARN_UNUSED_VARIABLE = YES;
				IPHONEOS_DEPLOYMENT_TARGET = 9.2;
				MTL_ENABLE_DEBUG_INFO = NO;
				SDKROOT = iphoneos;
				VALIDATE_PRODUCT = YES;
			};
			name = Release;
		};
		187A8A011C8FC0A300D8DA51 /* Debug */ = {
			isa = XCBuildConfiguration;
			buildSettings = {
				ASSETCATALOG_COMPILER_APPICON_NAME = AppIcon;
				INFOPLIST_FILE = "HYLabelDemo-Swift/Info.plist";
				LD_RUNPATH_SEARCH_PATHS = "$(inherited) @executable_path/Frameworks";
				PRODUCT_BUNDLE_IDENTIFIER = "com.520it.HYLabelDemo-Swift";
				PRODUCT_NAME = "$(TARGET_NAME)";
			};
			name = Debug;
		};
		187A8A021C8FC0A300D8DA51 /* Release */ = {
			isa = XCBuildConfiguration;
			buildSettings = {
				ASSETCATALOG_COMPILER_APPICON_NAME = AppIcon;
				INFOPLIST_FILE = "HYLabelDemo-Swift/Info.plist";
				LD_RUNPATH_SEARCH_PATHS = "$(inherited) @executable_path/Frameworks";
				PRODUCT_BUNDLE_IDENTIFIER = "com.520it.HYLabelDemo-Swift";
				PRODUCT_NAME = "$(TARGET_NAME)";
			};
			name = Release;
		};
/* End XCBuildConfiguration section */

/* Begin XCConfigurationList section */
		187A89E91C8FC0A300D8DA51 /* Build configuration list for PBXProject "HYLabelDemo-Swift" */ = {
			isa = XCConfigurationList;
			buildConfigurations = (
				187A89FE1C8FC0A300D8DA51 /* Debug */,
				187A89FF1C8FC0A300D8DA51 /* Release */,
			);
			defaultConfigurationIsVisible = 0;
			defaultConfigurationName = Release;
		};
		187A8A001C8FC0A300D8DA51 /* Build configuration list for PBXNativeTarget "HYLabelDemo-Swift" */ = {
			isa = XCConfigurationList;
			buildConfigurations = (
				187A8A011C8FC0A300D8DA51 /* Debug */,
				187A8A021C8FC0A300D8DA51 /* Release */,
			);
			defaultConfigurationIsVisible = 0;
		};
/* End XCConfigurationList section */
	};
	rootObject = 187A89E61C8FC0A300D8DA51 /* Project object */;
}
